
Microsoft Visual Studio Solution File, Format Version 12.00
# Visual Studio Version 17
VisualStudioVersion = 17.9.34728.123
MinimumVisualStudioVersion = 10.0.40219.1
Project("{FAE04EC0-301F-11D3-BF4B-00C04F79EFBC}") = "R365.Challenge", "R365.Challenge\R365.Challenge.csproj", "{2D03BFB2-6747-4DDF-9717-C6F0769EB3B7}"
EndProject
Project("{FAE04EC0-301F-11D3-BF4B-00C04F79EFBC}") = "R365.Challenge.Tests", "R365.Challenge.Tests\R365.Challenge.Tests.csproj", "{ACEC0D9C-F99C-40C6-BB61-7E6ABF2AB01A}"
EndProject
Global
	GlobalSection(SolutionConfigurationPlatforms) = preSolution
		Debug|Any CPU = Debug|Any CPU
		Release|Any CPU = Release|Any CPU
	EndGlobalSection
	GlobalSection(ProjectConfigurationPlatforms) = postSolution
		{2D03BFB2-6747-4DDF-9717-C6F0769EB3B7}.Debug|Any CPU.ActiveCfg = Debug|Any CPU
		{2D03BFB2-6747-4DDF-9717-C6F0769EB3B7}.Debug|Any CPU.Build.0 = Debug|Any CPU
		{2D03BFB2-6747-4DDF-9717-C6F0769EB3B7}.Release|Any CPU.ActiveCfg = Release|Any CPU
		{2D03BFB2-6747-4DDF-9717-C6F0769EB3B7}.Release|Any CPU.Build.0 = Release|Any CPU
		{ACEC0D9C-F99C-40C6-BB61-7E6ABF2AB01A}.Debug|Any CPU.ActiveCfg = Debug|Any CPU
		{ACEC0D9C-F99C-40C6-BB61-7E6ABF2AB01A}.Debug|Any CPU.Build.0 = Debug|Any CPU
		{ACEC0D9C-F99C-40C6-BB61-7E6ABF2AB01A}.Release|Any CPU.ActiveCfg = Release|Any CPU
		{ACEC0D9C-F99C-40C6-BB61-7E6ABF2AB01A}.Release|Any CPU.Build.0 = Release|Any CPU
	EndGlobalSection
	GlobalSection(SolutionProperties) = preSolution
		HideSolutionNode = FALSE
	EndGlobalSection
	GlobalSection(ExtensibilityGlobals) = postSolution
		SolutionGuid = {D0F789CC-35AB-4392-BE7F-F9D522A41503}
	EndGlobalSection
EndGlobal
